
Microsoft Visual Studio Solution File, Format Version 12.00
# Visual Studio Version 16
VisualStudioVersion = 16.0.33214.272
MinimumVisualStudioVersion = 10.0.40219.1
Project("{FAE04EC0-301F-11D3-BF4B-00C04F79EFBC}") = "Mission12_tk2672", "Mission12_tk2672.csproj", "{63D85528-8B3D-4349-B8A0-5A4012738808}"
EndProject
Global
	GlobalSection(SolutionConfigurationPlatforms) = preSolution
		Debug|Any CPU = Debug|Any CPU
		Release|Any CPU = Release|Any CPU
	EndGlobalSection
	GlobalSection(ProjectConfigurationPlatforms) = postSolution
		{63D85528-8B3D-4349-B8A0-5A4012738808}.Debug|Any CPU.ActiveCfg = Debug|Any CPU
		{63D85528-8B3D-4349-B8A0-5A4012738808}.Debug|Any CPU.Build.0 = Debug|Any CPU
		{63D85528-8B3D-4349-B8A0-5A4012738808}.Release|Any CPU.ActiveCfg = Release|Any CPU
		{63D85528-8B3D-4349-B8A0-5A4012738808}.Release|Any CPU.Build.0 = Release|Any CPU
	EndGlobalSection
	GlobalSection(SolutionProperties) = preSolution
		HideSolutionNode = FALSE
	EndGlobalSection
	GlobalSection(ExtensibilityGlobals) = postSolution
		SolutionGuid = {B9986AEC-98C2-41D0-8408-F7B00D34E473}
	EndGlobalSection
EndGlobal
